
Microsoft Visual Studio Solution File, Format Version 12.00
# Visual Studio Version 17
VisualStudioVersion = 17.4.33213.308
MinimumVisualStudioVersion = 10.0.40219.1
Project("{FAE04EC0-301F-11D3-BF4B-00C04F79EFBC}") = "ModelingToolkit", "ModelingToolkit\ModelingToolkit.csproj", "{1A9C280D-F4A9-4427-BBB3-2BCF4D567F5B}"
EndProject
Global
	GlobalSection(SolutionConfigurationPlatforms) = preSolution
		Debug|Any CPU = Debug|Any CPU
		Release|Any CPU = Release|Any CPU
	EndGlobalSection
	GlobalSection(ProjectConfigurationPlatforms) = postSolution
		{1A9C280D-F4A9-4427-BBB3-2BCF4D567F5B}.Debug|Any CPU.ActiveCfg = Debug|Any CPU
		{1A9C280D-F4A9-4427-BBB3-2BCF4D567F5B}.Debug|Any CPU.Build.0 = Debug|Any CPU
		{1A9C280D-F4A9-4427-BBB3-2BCF4D567F5B}.Release|Any CPU.ActiveCfg = Release|Any CPU
		{1A9C280D-F4A9-4427-BBB3-2BCF4D567F5B}.Release|Any CPU.Build.0 = Release|Any CPU
	EndGlobalSection
	GlobalSection(SolutionProperties) = preSolution
		HideSolutionNode = FALSE
	EndGlobalSection
	GlobalSection(ExtensibilityGlobals) = postSolution
		SolutionGuid = {C3666B44-D61E-4645-B855-322177EDABF9}
	EndGlobalSection
EndGlobal
